// !$*UTF8*$!
{
	archiveVersion = 1;
	classes = {
	};
	objectVersion = 50;
	objects = {

/* Begin PBXBuildFile section */
		B9257BCC22DD0AB000E702FB /* main.swift in Sources */ = {isa = PBXBuildFile; fileRef = B9257BCB22DD0AB000E702FB /* main.swift */; };
		B9257BD322DD0AD600E702FB /* Box.swift in Sources */ = {isa = PBXBuildFile; fileRef = B9257BD222DD0AD600E702FB /* Box.swift */; };
		B9257BD522DD0B1100E702FB /* BoundingBoxes.swift in Sources */ = {isa = PBXBuildFile; fileRef = B9257BD422DD0B1100E702FB /* BoundingBoxes.swift */; };
		B9257BD722DD0B3700E702FB /* YoloParser.swift in Sources */ = {isa = PBXBuildFile; fileRef = B9257BD622DD0B3700E702FB /* YoloParser.swift */; };
		B9587A4722E76954009E93A9 /* main.swift in Sources */ = {isa = PBXBuildFile; fileRef = B9257BCB22DD0AB000E702FB /* main.swift */; };
		B9587A4822E769C6009E93A9 /* Evaluator.swift in Sources */ = {isa = PBXBuildFile; fileRef = B9EEAB1522E2118700EED07D /* Evaluator.swift */; };
		B9587A4922E769C9009E93A9 /* Box.swift in Sources */ = {isa = PBXBuildFile; fileRef = B9257BD222DD0AD600E702FB /* Box.swift */; };
		B9587A4A22E769E3009E93A9 /* BoundingBoxes.swift in Sources */ = {isa = PBXBuildFile; fileRef = B9257BD422DD0B1100E702FB /* BoundingBoxes.swift */; };
		B9587A4B22E769F7009E93A9 /* YoloParser.swift in Sources */ = {isa = PBXBuildFile; fileRef = B9257BD622DD0B3700E702FB /* YoloParser.swift */; };
		B9EEAB1622E2118700EED07D /* Evaluator.swift in Sources */ = {isa = PBXBuildFile; fileRef = B9EEAB1522E2118700EED07D /* Evaluator.swift */; };
		B9EEAB1822E4EFD100EED07D /* TestData.swift in Sources */ = {isa = PBXBuildFile; fileRef = B9EEAB1722E4EFD100EED07D /* TestData.swift */; };
		B9EF25E422E6646B002D7BB4 /* Tests.swift in Sources */ = {isa = PBXBuildFile; fileRef = B9EF25E322E6646B002D7BB4 /* Tests.swift */; };
/* End PBXBuildFile section */

/* Begin PBXCopyFilesBuildPhase section */
		B9257BC622DD0AB000E702FB /* CopyFiles */ = {
			isa = PBXCopyFilesBuildPhase;
			buildActionMask = 2147483647;
			dstPath = /usr/share/man/man1/;
			dstSubfolderSpec = 0;
			files = (
			);
			runOnlyForDeploymentPostprocessing = 1;
		};
/* End PBXCopyFilesBuildPhase section */

/* Begin PBXFileReference section */
		B9257BC822DD0AB000E702FB /* YoloParser */ = {isa = PBXFileReference; explicitFileType = "compiled.mach-o.executable"; includeInIndex = 0; path = YoloParser; sourceTree = BUILT_PRODUCTS_DIR; };
		B9257BCB22DD0AB000E702FB /* main.swift */ = {isa = PBXFileReference; lastKnownFileType = sourcecode.swift; path = main.swift; sourceTree = "<group>"; };
		B9257BD222DD0AD600E702FB /* Box.swift */ = {isa = PBXFileReference; lastKnownFileType = sourcecode.swift; path = Box.swift; sourceTree = "<group>"; };
		B9257BD422DD0B1100E702FB /* BoundingBoxes.swift */ = {isa = PBXFileReference; lastKnownFileType = sourcecode.swift; path = BoundingBoxes.swift; sourceTree = "<group>"; };
		B9257BD622DD0B3700E702FB /* YoloParser.swift */ = {isa = PBXFileReference; lastKnownFileType = sourcecode.swift; path = YoloParser.swift; sourceTree = "<group>"; };
		B9EEAB1522E2118700EED07D /* Evaluator.swift */ = {isa = PBXFileReference; lastKnownFileType = sourcecode.swift; path = Evaluator.swift; sourceTree = "<group>"; };
		B9EEAB1722E4EFD100EED07D /* TestData.swift */ = {isa = PBXFileReference; lastKnownFileType = sourcecode.swift; path = TestData.swift; sourceTree = "<group>"; };
		B9EEAB1B22E4F80800EED07D /* README.md */ = {isa = PBXFileReference; lastKnownFileType = net.daringfireball.markdown; path = README.md; sourceTree = "<group>"; };
		B9EF25DB22E66432002D7BB4 /* Tests.xctest */ = {isa = PBXFileReference; explicitFileType = wrapper.cfbundle; includeInIndex = 0; path = Tests.xctest; sourceTree = BUILT_PRODUCTS_DIR; };
		B9EF25DF22E66432002D7BB4 /* Info.plist */ = {isa = PBXFileReference; lastKnownFileType = text.plist.xml; path = Info.plist; sourceTree = "<group>"; };
		B9EF25E322E6646B002D7BB4 /* Tests.swift */ = {isa = PBXFileReference; lastKnownFileType = sourcecode.swift; path = Tests.swift; sourceTree = "<group>"; };
/* End PBXFileReference section */

/* Begin PBXFrameworksBuildPhase section */
		B9257BC522DD0AB000E702FB /* Frameworks */ = {
			isa = PBXFrameworksBuildPhase;
			buildActionMask = 2147483647;
			files = (
			);
			runOnlyForDeploymentPostprocessing = 0;
		};
		B9EF25D822E66432002D7BB4 /* Frameworks */ = {
			isa = PBXFrameworksBuildPhase;
			buildActionMask = 2147483647;
			files = (
			);
			runOnlyForDeploymentPostprocessing = 0;
		};
/* End PBXFrameworksBuildPhase section */

/* Begin PBXGroup section */
		B9257BBF22DD0AB000E702FB = {
			isa = PBXGroup;
			children = (
				B9EEAB1B22E4F80800EED07D /* README.md */,
				B9257BCA22DD0AB000E702FB /* YoloParser */,
				B9EEAB2D22E5B1C700EED07D /* Models */,
				B9EF25DC22E66432002D7BB4 /* Tests */,
				B9257BC922DD0AB000E702FB /* Products */,
			);
			sourceTree = "<group>";
		};
		B9257BC922DD0AB000E702FB /* Products */ = {
			isa = PBXGroup;
			children = (
				B9257BC822DD0AB000E702FB /* YoloParser */,
				B9EF25DB22E66432002D7BB4 /* Tests.xctest */,
			);
			name = Products;
			sourceTree = "<group>";
		};
		B9257BCA22DD0AB000E702FB /* YoloParser */ = {
			isa = PBXGroup;
			children = (
				B9257BCB22DD0AB000E702FB /* main.swift */,
				B9257BD622DD0B3700E702FB /* YoloParser.swift */,
				B9EEAB1522E2118700EED07D /* Evaluator.swift */,
				B9EEAB1722E4EFD100EED07D /* TestData.swift */,
			);
			path = YoloParser;
			sourceTree = "<group>";
		};
		B9EEAB2D22E5B1C700EED07D /* Models */ = {
			isa = PBXGroup;
			children = (
				B9257BD222DD0AD600E702FB /* Box.swift */,
				B9257BD422DD0B1100E702FB /* BoundingBoxes.swift */,
			);
			path = Models;
			sourceTree = "<group>";
		};
		B9EF25DC22E66432002D7BB4 /* Tests */ = {
			isa = PBXGroup;
			children = (
				B9EF25E322E6646B002D7BB4 /* Tests.swift */,
				B9EF25DF22E66432002D7BB4 /* Info.plist */,
			);
			path = Tests;
			sourceTree = "<group>";
		};
/* End PBXGroup section */

/* Begin PBXNativeTarget section */
		B9257BC722DD0AB000E702FB /* YoloParser */ = {
			isa = PBXNativeTarget;
			buildConfigurationList = B9257BCF22DD0AB000E702FB /* Build configuration list for PBXNativeTarget "YoloParser" */;
			buildPhases = (
				B9257BC422DD0AB000E702FB /* Sources */,
				B9257BC522DD0AB000E702FB /* Frameworks */,
				B9257BC622DD0AB000E702FB /* CopyFiles */,
			);
			buildRules = (
			);
			dependencies = (
			);
			name = YoloParser;
			productName = YoloParser;
			productReference = B9257BC822DD0AB000E702FB /* YoloParser */;
			productType = "com.apple.product-type.tool";
		};
		B9EF25DA22E66432002D7BB4 /* Tests */ = {
			isa = PBXNativeTarget;
			buildConfigurationList = B9EF25E022E66432002D7BB4 /* Build configuration list for PBXNativeTarget "Tests" */;
			buildPhases = (
				B9EF25D722E66432002D7BB4 /* Sources */,
				B9EF25D822E66432002D7BB4 /* Frameworks */,
				B9EF25D922E66432002D7BB4 /* Resources */,
			);
			buildRules = (
			);
			dependencies = (
			);
			name = Tests;
			productName = Tests;
			productReference = B9EF25DB22E66432002D7BB4 /* Tests.xctest */;
			productType = "com.apple.product-type.bundle.unit-test";
		};
/* End PBXNativeTarget section */

/* Begin PBXProject section */
		B9257BC022DD0AB000E702FB /* Project object */ = {
			isa = PBXProject;
			attributes = {
				LastSwiftUpdateCheck = 1020;
				LastUpgradeCheck = 1020;
				ORGANIZATIONNAME = "Louis Lac";
				TargetAttributes = {
					B9257BC722DD0AB000E702FB = {
						CreatedOnToolsVersion = 10.2.1;
					};
					B9EF25DA22E66432002D7BB4 = {
						CreatedOnToolsVersion = 10.2.1;
					};
				};
			};
			buildConfigurationList = B9257BC322DD0AB000E702FB /* Build configuration list for PBXProject "YoloParser" */;
			compatibilityVersion = "Xcode 9.3";
			developmentRegion = en;
			hasScannedForEncodings = 0;
			knownRegions = (
				en,
				Base,
			);
			mainGroup = B9257BBF22DD0AB000E702FB;
			productRefGroup = B9257BC922DD0AB000E702FB /* Products */;
			projectDirPath = "";
			projectRoot = "";
			targets = (
				B9257BC722DD0AB000E702FB /* YoloParser */,
				B9EF25DA22E66432002D7BB4 /* Tests */,
			);
		};
/* End PBXProject section */

/* Begin PBXResourcesBuildPhase section */
		B9EF25D922E66432002D7BB4 /* Resources */ = {
			isa = PBXResourcesBuildPhase;
			buildActionMask = 2147483647;
			files = (
			);
			runOnlyForDeploymentPostprocessing = 0;
		};
/* End PBXResourcesBuildPhase section */

/* Begin PBXSourcesBuildPhase section */
		B9257BC422DD0AB000E702FB /* Sources */ = {
			isa = PBXSourcesBuildPhase;
			buildActionMask = 2147483647;
			files = (
				B9EEAB1622E2118700EED07D /* Evaluator.swift in Sources */,
				B9257BD522DD0B1100E702FB /* BoundingBoxes.swift in Sources */,
				B9257BCC22DD0AB000E702FB /* main.swift in Sources */,
				B9EEAB1822E4EFD100EED07D /* TestData.swift in Sources */,
				B9257BD322DD0AD600E702FB /* Box.swift in Sources */,
				B9257BD722DD0B3700E702FB /* YoloParser.swift in Sources */,
			);
			runOnlyForDeploymentPostprocessing = 0;
		};
		B9EF25D722E66432002D7BB4 /* Sources */ = {
			isa = PBXSourcesBuildPhase;
			buildActionMask = 2147483647;
			files = (
				B9587A4A22E769E3009E93A9 /* BoundingBoxes.swift in Sources */,
				B9587A4B22E769F7009E93A9 /* YoloParser.swift in Sources */,
				B9EF25E422E6646B002D7BB4 /* Tests.swift in Sources */,
				B9587A4922E769C9009E93A9 /* Box.swift in Sources */,
				B9587A4722E76954009E93A9 /* main.swift in Sources */,
				B9587A4822E769C6009E93A9 /* Evaluator.swift in Sources */,
			);
			runOnlyForDeploymentPostprocessing = 0;
		};
/* End PBXSourcesBuildPhase section */

/* Begin XCBuildConfiguration section */
		B9257BCD22DD0AB000E702FB /* Debug */ = {
			isa = XCBuildConfiguration;
			buildSettings = {
				ALWAYS_SEARCH_USER_PATHS = NO;
				CLANG_ANALYZER_NONNULL = YES;
				CLANG_ANALYZER_NUMBER_OBJECT_CONVERSION = YES_AGGRESSIVE;
				CLANG_CXX_LANGUAGE_STANDARD = "gnu++14";
				CLANG_CXX_LIBRARY = "libc++";
				CLANG_ENABLE_MODULES = YES;
				CLANG_ENABLE_OBJC_ARC = YES;
				CLANG_ENABLE_OBJC_WEAK = YES;
				CLANG_WARN_BLOCK_CAPTURE_AUTORELEASING = YES;
				CLANG_WARN_BOOL_CONVERSION = YES;
				CLANG_WARN_COMMA = YES;
				CLANG_WARN_CONSTANT_CONVERSION = YES;
				CLANG_WARN_DEPRECATED_OBJC_IMPLEMENTATIONS = YES;
				CLANG_WARN_DIRECT_OBJC_ISA_USAGE = YES_ERROR;
				CLANG_WARN_DOCUMENTATION_COMMENTS = YES;
				CLANG_WARN_EMPTY_BODY = YES;
				CLANG_WARN_ENUM_CONVERSION = YES;
				CLANG_WARN_INFINITE_RECURSION = YES;
				CLANG_WARN_INT_CONVERSION = YES;
				CLANG_WARN_NON_LITERAL_NULL_CONVERSION = YES;
				CLANG_WARN_OBJC_IMPLICIT_RETAIN_SELF = YES;
				CLANG_WARN_OBJC_LITERAL_CONVERSION = YES;
				CLANG_WARN_OBJC_ROOT_CLASS = YES_ERROR;
				CLANG_WARN_RANGE_LOOP_ANALYSIS = YES;
				CLANG_WARN_STRICT_PROTOTYPES = YES;
				CLANG_WARN_SUSPICIOUS_MOVE = YES;
				CLANG_WARN_UNGUARDED_AVAILABILITY = YES_AGGRESSIVE;
				CLANG_WARN_UNREACHABLE_CODE = YES;
				CLANG_WARN__DUPLICATE_METHOD_MATCH = YES;
				CODE_SIGN_IDENTITY = "Mac Developer";
				COPY_PHASE_STRIP = NO;
				DEBUG_INFORMATION_FORMAT = dwarf;
				ENABLE_STRICT_OBJC_MSGSEND = YES;
				ENABLE_TESTABILITY = YES;
				GCC_C_LANGUAGE_STANDARD = gnu11;
				GCC_DYNAMIC_NO_PIC = NO;
				GCC_NO_COMMON_BLOCKS = YES;
				GCC_OPTIMIZATION_LEVEL = 0;
				GCC_PREPROCESSOR_DEFINITIONS = (
					"DEBUG=1",
					"$(inherited)",
				);
				GCC_WARN_64_TO_32_BIT_CONVERSION = YES;
				GCC_WARN_ABOUT_RETURN_TYPE = YES_ERROR;
				GCC_WARN_UNDECLARED_SELECTOR = YES;
				GCC_WARN_UNINITIALIZED_AUTOS = YES_AGGRESSIVE;
				GCC_WARN_UNUSED_FUNCTION = YES;
				GCC_WARN_UNUSED_VARIABLE = YES;
				MACOSX_DEPLOYMENT_TARGET = 10.14;
				MTL_ENABLE_DEBUG_INFO = INCLUDE_SOURCE;
				MTL_FAST_MATH = YES;
				ONLY_ACTIVE_ARCH = YES;
				SDKROOT = macosx;
				SWIFT_ACTIVE_COMPILATION_CONDITIONS = DEBUG;
				SWIFT_OPTIMIZATION_LEVEL = "-Onone";
			};
			name = Debug;
		};
		B9257BCE22DD0AB000E702FB /* Release */ = {
			isa = XCBuildConfiguration;
			buildSettings = {
				ALWAYS_SEARCH_USER_PATHS = NO;
				CLANG_ANALYZER_NONNULL = YES;
				CLANG_ANALYZER_NUMBER_OBJECT_CONVERSION = YES_AGGRESSIVE;
				CLANG_CXX_LANGUAGE_STANDARD = "gnu++14";
				CLANG_CXX_LIBRARY = "libc++";
				CLANG_ENABLE_MODULES = YES;
				CLANG_ENABLE_OBJC_ARC = YES;
				CLANG_ENABLE_OBJC_WEAK = YES;
				CLANG_WARN_BLOCK_CAPTURE_AUTORELEASING = YES;
				CLANG_WARN_BOOL_CONVERSION = YES;
				CLANG_WARN_COMMA = YES;
				CLANG_WARN_CONSTANT_CONVERSION = YES;
				CLANG_WARN_DEPRECATED_OBJC_IMPLEMENTATIONS = YES;
				CLANG_WARN_DIRECT_OBJC_ISA_USAGE = YES_ERROR;
				CLANG_WARN_DOCUMENTATION_COMMENTS = YES;
				CLANG_WARN_EMPTY_BODY = YES;
				CLANG_WARN_ENUM_CONVERSION = YES;
				CLANG_WARN_INFINITE_RECURSION = YES;
				CLANG_WARN_INT_CONVERSION = YES;
				CLANG_WARN_NON_LITERAL_NULL_CONVERSION = YES;
				CLANG_WARN_OBJC_IMPLICIT_RETAIN_SELF = YES;
				CLANG_WARN_OBJC_LITERAL_CONVERSION = YES;
				CLANG_WARN_OBJC_ROOT_CLASS = YES_ERROR;
				CLANG_WARN_RANGE_LOOP_ANALYSIS = YES;
				CLANG_WARN_STRICT_PROTOTYPES = YES;
				CLANG_WARN_SUSPICIOUS_MOVE = YES;
				CLANG_WARN_UNGUARDED_AVAILABILITY = YES_AGGRESSIVE;
				CLANG_WARN_UNREACHABLE_CODE = YES;
				CLANG_WARN__DUPLICATE_METHOD_MATCH = YES;
				CODE_SIGN_IDENTITY = "Mac Developer";
				COPY_PHASE_STRIP = NO;
				DEBUG_INFORMATION_FORMAT = "dwarf-with-dsym";
				ENABLE_NS_ASSERTIONS = NO;
				ENABLE_STRICT_OBJC_MSGSEND = YES;
				GCC_C_LANGUAGE_STANDARD = gnu11;
				GCC_NO_COMMON_BLOCKS = YES;
				GCC_WARN_64_TO_32_BIT_CONVERSION = YES;
				GCC_WARN_ABOUT_RETURN_TYPE = YES_ERROR;
				GCC_WARN_UNDECLARED_SELECTOR = YES;
				GCC_WARN_UNINITIALIZED_AUTOS = YES_AGGRESSIVE;
				GCC_WARN_UNUSED_FUNCTION = YES;
				GCC_WARN_UNUSED_VARIABLE = YES;
				MACOSX_DEPLOYMENT_TARGET = 10.14;
				MTL_ENABLE_DEBUG_INFO = NO;
				MTL_FAST_MATH = YES;
				SDKROOT = macosx;
				SWIFT_COMPILATION_MODE = wholemodule;
				SWIFT_OPTIMIZATION_LEVEL = "-O";
			};
			name = Release;
		};
		B9257BD022DD0AB000E702FB /* Debug */ = {
			isa = XCBuildConfiguration;
			buildSettings = {
				CODE_SIGN_STYLE = Automatic;
				DEVELOPMENT_TEAM = 9BR37CM74X;
				FRAMEWORK_SEARCH_PATHS = "";
				PRODUCT_NAME = "$(TARGET_NAME)";
				SWIFT_VERSION = 5.0;
			};
			name = Debug;
		};
		B9257BD122DD0AB000E702FB /* Release */ = {
			isa = XCBuildConfiguration;
			buildSettings = {
				CODE_SIGN_STYLE = Automatic;
				DEVELOPMENT_TEAM = 9BR37CM74X;
				FRAMEWORK_SEARCH_PATHS = "";
				PRODUCT_NAME = "$(TARGET_NAME)";
				SWIFT_VERSION = 5.0;
			};
			name = Release;
		};
		B9EF25E122E66432002D7BB4 /* Debug */ = {
			isa = XCBuildConfiguration;
			buildSettings = {
				CODE_SIGN_STYLE = Automatic;
				COMBINE_HIDPI_IMAGES = YES;
				DEVELOPMENT_TEAM = 9BR37CM74X;
				INFOPLIST_FILE = Tests/Info.plist;
				LD_RUNPATH_SEARCH_PATHS = (
					"$(inherited)",
					"@executable_path/../Frameworks",
					"@loader_path/../Frameworks",
				);
				PRODUCT_BUNDLE_IDENTIFIER = louislac.Tests;
				PRODUCT_NAME = "$(TARGET_NAME)";
				SWIFT_VERSION = 5.0;
			};
			name = Debug;
		};
		B9EF25E222E66432002D7BB4 /* Release */ = {
			isa = XCBuildConfiguration;
			buildSettings = {
				CODE_SIGN_STYLE = Automatic;
				COMBINE_HIDPI_IMAGES = YES;
				DEVELOPMENT_TEAM = 9BR37CM74X;
				INFOPLIST_FILE = Tests/Info.plist;
				LD_RUNPATH_SEARCH_PATHS = (
					"$(inherited)",
					"@executable_path/../Frameworks",
					"@loader_path/../Frameworks",
				);
				PRODUCT_BUNDLE_IDENTIFIER = louislac.Tests;
				PRODUCT_NAME = "$(TARGET_NAME)";
				SWIFT_VERSION = 5.0;
			};
			name = Release;
		};
/* End XCBuildConfiguration section */

/* Begin XCConfigurationList section */
		B9257BC322DD0AB000E702FB /* Build configuration list for PBXProject "YoloParser" */ = {
			isa = XCConfigurationList;
			buildConfigurations = (
				B9257BCD22DD0AB000E702FB /* Debug */,
				B9257BCE22DD0AB000E702FB /* Release */,
			);
			defaultConfigurationIsVisible = 0;
			defaultConfigurationName = Release;
		};
		B9257BCF22DD0AB000E702FB /* Build configuration list for PBXNativeTarget "YoloParser" */ = {
			isa = XCConfigurationList;
			buildConfigurations = (
				B9257BD022DD0AB000E702FB /* Debug */,
				B9257BD122DD0AB000E702FB /* Release */,
			);
			defaultConfigurationIsVisible = 0;
			defaultConfigurationName = Release;
		};
		B9EF25E022E66432002D7BB4 /* Build configuration list for PBXNativeTarget "Tests" */ = {
			isa = XCConfigurationList;
			buildConfigurations = (
				B9EF25E122E66432002D7BB4 /* Debug */,
				B9EF25E222E66432002D7BB4 /* Release */,
			);
			defaultConfigurationIsVisible = 0;
			defaultConfigurationName = Release;
		};
/* End XCConfigurationList section */
	};
	rootObject = B9257BC022DD0AB000E702FB /* Project object */;
}
